
Microsoft Visual Studio Solution File, Format Version 12.00
# Visual Studio Version 17
VisualStudioVersion = 17.14.36511.14 d17.14
MinimumVisualStudioVersion = 10.0.40219.1
Project("{FAE04EC0-301F-11D3-BF4B-00C04F79EFBC}") = "DapperAndRedisCache", "DapperAndRedisCache\DapperAndRedisCache.csproj", "{0A965744-8BB9-4313-99DF-3304212EE31B}"
EndProject
Global
	GlobalSection(SolutionConfigurationPlatforms) = preSolution
		Debug|Any CPU = Debug|Any CPU
		Release|Any CPU = Release|Any CPU
	EndGlobalSection
	GlobalSection(ProjectConfigurationPlatforms) = postSolution
		{0A965744-8BB9-4313-99DF-3304212EE31B}.Debug|Any CPU.ActiveCfg = Debug|Any CPU
		{0A965744-8BB9-4313-99DF-3304212EE31B}.Debug|Any CPU.Build.0 = Debug|Any CPU
		{0A965744-8BB9-4313-99DF-3304212EE31B}.Release|Any CPU.ActiveCfg = Release|Any CPU
		{0A965744-8BB9-4313-99DF-3304212EE31B}.Release|Any CPU.Build.0 = Release|Any CPU
	EndGlobalSection
	GlobalSection(SolutionProperties) = preSolution
		HideSolutionNode = FALSE
	EndGlobalSection
	GlobalSection(ExtensibilityGlobals) = postSolution
		SolutionGuid = {1AB6F359-14E7-4387-BF49-AFB641906912}
	EndGlobalSection
EndGlobal
